{
  "version": 4,
  "terraform_version": "1.0.0",
  "serial": 64,
  "lineage": "434bcc7e-152a-6840-49bb-ba7b1e9b3a23",
  "outputs": {
    "api_url": {
      "value": "https://jy6ne0rrni.execute-api.eu-west-3.amazonaws.com/prod/hello",
      "type": "string"
    },
    "cloudwatch_log_group": {
      "value": "/aws/lambda/groupe8-hello-world-lambda",
      "type": "string"
    }
  },
  "resources": [
    {
      "mode": "data",
      "type": "archive_file",
      "name": "lambda_zip",
      "provider": "provider[\"registry.terraform.io/hashicorp/archive\"]",
      "instances": [
        {
          "schema_version": 0,
          "attributes": {
            "exclude_symlink_directories": null,
            "excludes": null,
            "id": "5edd78dedbc924f5883db2bf4eb938509f304ef8",
            "output_base64sha256": "v1oXfpOGTfAbbbyhqSBHVSrA0dXVV2mDp8kd8Qf7xao=",
            "output_base64sha512": "JFpx6n0xZrE75nw1ComV6D+mgCMAGy68uFuIpw8yZVZ7xEijK9cT6hUwSZEJSPq7dIXqnJwah4U4BB2NxOquBA==",
            "output_file_mode": null,
            "output_md5": "116e6e5143d12fc0f38c2fbab5e41f4a",
            "output_path": "./lambda_function.zip",
            "output_sha": "5edd78dedbc924f5883db2bf4eb938509f304ef8",
            "output_sha256": "bf5a177e93864df01b6dbca1a92047552ac0d1d5d5576983a7c91df107fbc5aa",
            "output_sha512": "245a71ea7d3166b13be67c350a8995e83fa68023001b2ebcb85b88a70f3265567bc448a32bd713ea153049910948fabb7485ea9c9c1a878538041d8dc4eaae04",
            "output_size": 571,
            "source": [],
            "source_content": null,
            "source_content_filename": null,
            "source_dir": "./lambda",
            "source_file": null,
            "type": "zip"
          },
          "sensitive_attributes": []
        }
      ]
    },
    {
      "mode": "managed",
      "type": "aws_api_gateway_deployment",
      "name": "deployment",
      "provider": "provider[\"registry.terraform.io/hashicorp/aws\"]",
      "instances": [
        {
          "schema_version": 0,
          "attributes": {
            "canary_settings": [],
            "created_date": "2025-03-20T15:29:45Z",
            "description": "",
            "execution_arn": "arn:aws:execute-api:eu-west-3:947278783763:jy6ne0rrni/",
            "id": "1fod24",
            "invoke_url": "https://jy6ne0rrni.execute-api.eu-west-3.amazonaws.com/",
            "rest_api_id": "jy6ne0rrni",
            "stage_description": null,
            "stage_name": null,
            "triggers": null,
            "variables": null
          },
          "sensitive_attributes": [],
          "private": "bnVsbA==",
          "dependencies": [
            "aws_lambda_function.hello_lambda",
            "data.archive_file.lambda_zip",
            "aws_cloudwatch_log_group.lambda_log_group",
            "aws_iam_role_policy_attachment.lambda_basic",
            "aws_api_gateway_resource.resource",
            "aws_api_gateway_rest_api.api",
            "aws_iam_role.lambda_role",
            "aws_api_gateway_integration.integration",
            "aws_api_gateway_method.method"
          ],
          "create_before_destroy": true
        }
      ]
    },
    {
      "mode": "managed",
      "type": "aws_api_gateway_integration",
      "name": "integration",
      "provider": "provider[\"registry.terraform.io/hashicorp/aws\"]",
      "instances": [
        {
          "schema_version": 0,
          "attributes": {
            "cache_key_parameters": [],
            "cache_namespace": "w5ljo0",
            "connection_id": "",
            "connection_type": "INTERNET",
            "content_handling": "",
            "credentials": "",
            "http_method": "GET",
            "id": "agi-jy6ne0rrni-w5ljo0-GET",
            "integration_http_method": "POST",
            "passthrough_behavior": "WHEN_NO_MATCH",
            "request_parameters": {},
            "request_templates": {},
            "resource_id": "w5ljo0",
            "rest_api_id": "jy6ne0rrni",
            "timeout_milliseconds": 29000,
            "tls_config": [],
            "type": "AWS_PROXY",
            "uri": "arn:aws:apigateway:eu-west-3:lambda:path/2015-03-31/functions/arn:aws:lambda:eu-west-3:947278783763:function:groupe8-hello-world-lambda/invocations"
          },
          "sensitive_attributes": [],
          "private": "bnVsbA==",
          "dependencies": [
            "aws_iam_role.lambda_role",
            "aws_iam_role_policy_attachment.lambda_basic",
            "aws_lambda_function.hello_lambda",
            "data.archive_file.lambda_zip",
            "aws_api_gateway_method.method",
            "aws_api_gateway_resource.resource",
            "aws_api_gateway_rest_api.api",
            "aws_cloudwatch_log_group.lambda_log_group"
          ],
          "create_before_destroy": true
        }
      ]
    },
    {
      "mode": "managed",
      "type": "aws_api_gateway_method",
      "name": "method",
      "provider": "provider[\"registry.terraform.io/hashicorp/aws\"]",
      "instances": [
        {
          "schema_version": 0,
          "attributes": {
            "api_key_required": false,
            "authorization": "NONE",
            "authorization_scopes": [],
            "authorizer_id": "",
            "http_method": "GET",
            "id": "agm-jy6ne0rrni-w5ljo0-GET",
            "operation_name": "",
            "request_models": {},
            "request_parameters": {},
            "request_validator_id": "",
            "resource_id": "w5ljo0",
            "rest_api_id": "jy6ne0rrni"
          },
          "sensitive_attributes": [],
          "private": "bnVsbA==",
          "dependencies": [
            "aws_api_gateway_resource.resource",
            "aws_api_gateway_rest_api.api"
          ],
          "create_before_destroy": true
        }
      ]
    },
    {
      "mode": "managed",
      "type": "aws_api_gateway_resource",
      "name": "resource",
      "provider": "provider[\"registry.terraform.io/hashicorp/aws\"]",
      "instances": [
        {
          "schema_version": 0,
          "attributes": {
            "id": "w5ljo0",
            "parent_id": "oqniyanfo1",
            "path": "/hello",
            "path_part": "hello",
            "rest_api_id": "jy6ne0rrni"
          },
          "sensitive_attributes": [],
          "private": "bnVsbA==",
          "dependencies": [
            "aws_api_gateway_rest_api.api"
          ],
          "create_before_destroy": true
        }
      ]
    },
    {
      "mode": "managed",
      "type": "aws_api_gateway_rest_api",
      "name": "api",
      "provider": "provider[\"registry.terraform.io/hashicorp/aws\"]",
      "instances": [
        {
          "schema_version": 0,
          "attributes": {
            "api_key_source": "HEADER",
            "arn": "arn:aws:apigateway:eu-west-3::/restapis/jy6ne0rrni",
            "binary_media_types": [],
            "body": null,
            "created_date": "2025-03-20T15:29:30Z",
            "description": "API for Hello World Lambda",
            "disable_execute_api_endpoint": false,
            "endpoint_configuration": [
              {
                "types": [
                  "EDGE"
                ],
                "vpc_endpoint_ids": []
              }
            ],
            "execution_arn": "arn:aws:execute-api:eu-west-3:947278783763:jy6ne0rrni",
            "fail_on_warnings": null,
            "id": "jy6ne0rrni",
            "minimum_compression_size": "",
            "name": "groupe8-hello-world-api",
            "parameters": null,
            "policy": "",
            "put_rest_api_mode": null,
            "root_resource_id": "oqniyanfo1",
            "tags": {},
            "tags_all": {}
          },
          "sensitive_attributes": [],
          "private": "bnVsbA==",
          "create_before_destroy": true
        }
      ]
    },
    {
      "mode": "managed",
      "type": "aws_api_gateway_stage",
      "name": "prod",
      "provider": "provider[\"registry.terraform.io/hashicorp/aws\"]",
      "instances": [
        {
          "schema_version": 0,
          "attributes": {
            "access_log_settings": [],
            "arn": "arn:aws:apigateway:eu-west-3::/restapis/jy6ne0rrni/stages/prod",
            "cache_cluster_enabled": false,
            "cache_cluster_size": "",
            "canary_settings": [],
            "client_certificate_id": "",
            "deployment_id": "1fod24",
            "description": "",
            "documentation_version": "",
            "execution_arn": "arn:aws:execute-api:eu-west-3:947278783763:jy6ne0rrni/prod",
            "id": "ags-jy6ne0rrni-prod",
            "invoke_url": "https://jy6ne0rrni.execute-api.eu-west-3.amazonaws.com/prod",
            "rest_api_id": "jy6ne0rrni",
            "stage_name": "prod",
            "tags": {},
            "tags_all": {},
            "variables": {},
            "web_acl_arn": "",
            "xray_tracing_enabled": false
          },
          "sensitive_attributes": [],
          "private": "bnVsbA==",
          "dependencies": [
            "aws_api_gateway_deployment.deployment",
            "aws_api_gateway_integration.integration",
            "aws_api_gateway_method.method",
            "aws_api_gateway_resource.resource",
            "aws_iam_role_policy_attachment.lambda_basic",
            "aws_api_gateway_rest_api.api",
            "aws_cloudwatch_log_group.lambda_log_group",
            "aws_iam_role.lambda_role",
            "aws_lambda_function.hello_lambda",
            "data.archive_file.lambda_zip"
          ]
        }
      ]
    },
    {
      "mode": "managed",
      "type": "aws_cloudwatch_log_group",
      "name": "lambda_log_group",
      "provider": "provider[\"registry.terraform.io/hashicorp/aws\"]",
      "instances": [
        {
          "schema_version": 0,
          "attributes": {
            "arn": "arn:aws:logs:eu-west-3:947278783763:log-group:/aws/lambda/groupe8-hello-world-lambda",
            "id": "/aws/lambda/groupe8-hello-world-lambda",
            "kms_key_id": "",
            "log_group_class": "STANDARD",
            "name": "/aws/lambda/groupe8-hello-world-lambda",
            "name_prefix": "",
            "retention_in_days": 14,
            "skip_destroy": false,
            "tags": {},
            "tags_all": {}
          },
          "sensitive_attributes": [],
          "private": "bnVsbA==",
          "create_before_destroy": true
        }
      ]
    },
    {
      "mode": "managed",
      "type": "aws_iam_role",
      "name": "lambda_role",
      "provider": "provider[\"registry.terraform.io/hashicorp/aws\"]",
      "instances": [
        {
          "schema_version": 0,
          "attributes": {
            "arn": "arn:aws:iam::947278783763:role/groupe8_lambda_execution_role",
            "assume_role_policy": "{\"Statement\":[{\"Action\":\"sts:AssumeRole\",\"Effect\":\"Allow\",\"Principal\":{\"Service\":\"lambda.amazonaws.com\"}}],\"Version\":\"2012-10-17\"}",
            "create_date": "2025-03-20T15:29:29Z",
            "description": "",
            "force_detach_policies": false,
            "id": "groupe8_lambda_execution_role",
            "inline_policy": [],
            "managed_policy_arns": [
              "arn:aws:iam::aws:policy/service-role/AWSLambdaBasicExecutionRole"
            ],
            "max_session_duration": 3600,
            "name": "groupe8_lambda_execution_role",
            "name_prefix": "",
            "path": "/",
            "permissions_boundary": "",
            "tags": {},
            "tags_all": {},
            "unique_id": "AROA5ZDRXEUJVCM6WGFWH"
          },
          "sensitive_attributes": [],
          "private": "bnVsbA==",
          "create_before_destroy": true
        }
      ]
    },
    {
      "mode": "managed",
      "type": "aws_iam_role_policy_attachment",
      "name": "lambda_basic",
      "provider": "provider[\"registry.terraform.io/hashicorp/aws\"]",
      "instances": [
        {
          "schema_version": 0,
          "attributes": {
            "id": "groupe8_lambda_execution_role-20250320152930031500000001",
            "policy_arn": "arn:aws:iam::aws:policy/service-role/AWSLambdaBasicExecutionRole",
            "role": "groupe8_lambda_execution_role"
          },
          "sensitive_attributes": [],
          "private": "bnVsbA==",
          "dependencies": [
            "aws_iam_role.lambda_role"
          ],
          "create_before_destroy": true
        }
      ]
    },
    {
      "mode": "managed",
      "type": "aws_lambda_function",
      "name": "hello_lambda",
      "provider": "provider[\"registry.terraform.io/hashicorp/aws\"]",
      "instances": [
        {
          "schema_version": 0,
          "attributes": {
            "architectures": [
              "x86_64"
            ],
            "arn": "arn:aws:lambda:eu-west-3:947278783763:function:groupe8-hello-world-lambda",
            "code_sha256": "v1oXfpOGTfAbbbyhqSBHVSrA0dXVV2mDp8kd8Qf7xao=",
            "code_signing_config_arn": "",
            "dead_letter_config": [],
            "description": "",
            "environment": [],
            "ephemeral_storage": [
              {
                "size": 512
              }
            ],
            "file_system_config": [],
            "filename": "./lambda_function.zip",
            "function_name": "groupe8-hello-world-lambda",
            "handler": "index.handler",
            "id": "groupe8-hello-world-lambda",
            "image_config": [],
            "image_uri": "",
            "invoke_arn": "arn:aws:apigateway:eu-west-3:lambda:path/2015-03-31/functions/arn:aws:lambda:eu-west-3:947278783763:function:groupe8-hello-world-lambda/invocations",
            "kms_key_arn": "",
            "last_modified": "2025-03-20T15:29:39.384+0000",
            "layers": [],
            "logging_config": [
              {
                "application_log_level": "",
                "log_format": "Text",
                "log_group": "/aws/lambda/groupe8-hello-world-lambda",
                "system_log_level": ""
              }
            ],
            "memory_size": 128,
            "package_type": "Zip",
            "publish": false,
            "qualified_arn": "arn:aws:lambda:eu-west-3:947278783763:function:groupe8-hello-world-lambda:$LATEST",
            "qualified_invoke_arn": "arn:aws:apigateway:eu-west-3:lambda:path/2015-03-31/functions/arn:aws:lambda:eu-west-3:947278783763:function:groupe8-hello-world-lambda:$LATEST/invocations",
            "replace_security_groups_on_destroy": null,
            "replacement_security_group_ids": null,
            "reserved_concurrent_executions": -1,
            "role": "arn:aws:iam::947278783763:role/groupe8_lambda_execution_role",
            "runtime": "nodejs18.x",
            "s3_bucket": null,
            "s3_key": null,
            "s3_object_version": null,
            "signing_job_arn": "",
            "signing_profile_version_arn": "",
            "skip_destroy": false,
            "snap_start": [],
            "source_code_hash": "v1oXfpOGTfAbbbyhqSBHVSrA0dXVV2mDp8kd8Qf7xao=",
            "source_code_size": 571,
            "tags": {},
            "tags_all": {},
            "timeout": 3,
            "timeouts": null,
            "tracing_config": [
              {
                "mode": "PassThrough"
              }
            ],
            "version": "$LATEST",
            "vpc_config": []
          },
          "sensitive_attributes": [],
          "private": "eyJlMmJmYjczMC1lY2FhLTExZTYtOGY4OC0zNDM2M2JjN2M0YzAiOnsiY3JlYXRlIjo2MDAwMDAwMDAwMDAsImRlbGV0ZSI6NjAwMDAwMDAwMDAwLCJ1cGRhdGUiOjYwMDAwMDAwMDAwMH19",
          "dependencies": [
            "aws_cloudwatch_log_group.lambda_log_group",
            "aws_iam_role.lambda_role",
            "aws_iam_role_policy_attachment.lambda_basic",
            "data.archive_file.lambda_zip"
          ],
          "create_before_destroy": true
        }
      ]
    },
    {
      "mode": "managed",
      "type": "aws_lambda_permission",
      "name": "apigw_lambda",
      "provider": "provider[\"registry.terraform.io/hashicorp/aws\"]",
      "instances": [
        {
          "schema_version": 0,
          "attributes": {
            "action": "lambda:InvokeFunction",
            "event_source_token": null,
            "function_name": "groupe8-hello-world-lambda",
            "function_url_auth_type": null,
            "id": "AllowExecutionFromAPIGateway",
            "principal": "apigateway.amazonaws.com",
            "principal_org_id": null,
            "qualifier": "",
            "source_account": null,
            "source_arn": "arn:aws:execute-api:eu-west-3:947278783763:jy6ne0rrni/*/*",
            "statement_id": "AllowExecutionFromAPIGateway",
            "statement_id_prefix": ""
          },
          "sensitive_attributes": [],
          "private": "bnVsbA==",
          "dependencies": [
            "aws_lambda_function.hello_lambda",
            "data.archive_file.lambda_zip",
            "aws_api_gateway_rest_api.api",
            "aws_cloudwatch_log_group.lambda_log_group",
            "aws_iam_role.lambda_role",
            "aws_iam_role_policy_attachment.lambda_basic"
          ]
        }
      ]
    }
  ]
}
